{
    "requires": true,
    "lockfileVersion": 1,
    "dependencies": {
        "formBuilder": {
            "version": "3.6.2",
            "resolved": "https://registry.npmjs.org/formBuilder/-/formBuilder-3.6.2.tgz",
            "integrity": "sha512-j7XfVe2uQIjN8BNmv47W8GA4ENtXZCPIrvedDnWG07KnK157UgyvorD43LU3rHL0sjRV/9Vsjfz2rVNJ0Xc42w==",
            "requires": {
                "jquery": ">=3.4.1",
                "jquery-ui-sortable": "*"
            }
        },
        "jquery": {
            "version": "3.6.0",
            "resolved": "https://registry.npmjs.org/jquery/-/jquery-3.6.0.tgz",
            "integrity": "sha512-JVzAR/AjBvVt2BmYhxRCSYysDsPcssdmTFnzyLEts9qNwmjmu4JTAMYubEfwVOSwpQ1I1sKKFcxhZCI2buerfw=="
        },
        "jquery-ui-sortable": {
            "version": "1.0.0",
            "resolved": "https://registry.npmjs.org/jquery-ui-sortable/-/jquery-ui-sortable-1.0.0.tgz",
            "integrity": "sha1-DuBizgKymzZYXt46Pg3d5mYGD5Y="
        }
    }
}
